// !$*UTF8*$!
{
	archiveVersion = 1;
	classes = {
	};
	objectVersion = 55;
	objects = {

/* Begin PBXBuildFile section */
		ECA282282912272000DDFFE9 /* AppDelegate.swift in Sources */ = {isa = PBXBuildFile; fileRef = ECA282272912272000DDFFE9 /* AppDelegate.swift */; };
		ECA2822A2912272000DDFFE9 /* SceneDelegate.swift in Sources */ = {isa = PBXBuildFile; fileRef = ECA282292912272000DDFFE9 /* SceneDelegate.swift */; };
		ECA2822F2912272000DDFFE9 /* Main.storyboard in Resources */ = {isa = PBXBuildFile; fileRef = ECA2822D2912272000DDFFE9 /* Main.storyboard */; };
		ECA282312912272100DDFFE9 /* Assets.xcassets in Resources */ = {isa = PBXBuildFile; fileRef = ECA282302912272100DDFFE9 /* Assets.xcassets */; };
		ECA282342912272100DDFFE9 /* LaunchScreen.storyboard in Resources */ = {isa = PBXBuildFile; fileRef = ECA282322912272100DDFFE9 /* LaunchScreen.storyboard */; };
		ECA2823F2912272100DDFFE9 /* RidesTests.swift in Sources */ = {isa = PBXBuildFile; fileRef = ECA2823E2912272100DDFFE9 /* RidesTests.swift */; };
		ECA282492912272100DDFFE9 /* RidesUITests.swift in Sources */ = {isa = PBXBuildFile; fileRef = ECA282482912272100DDFFE9 /* RidesUITests.swift */; };
		ECA2824B2912272100DDFFE9 /* RidesUITestsLaunchTests.swift in Sources */ = {isa = PBXBuildFile; fileRef = ECA2824A2912272100DDFFE9 /* RidesUITestsLaunchTests.swift */; };
		ECA2825E291229B400DDFFE9 /* VehicleListViewController.swift in Sources */ = {isa = PBXBuildFile; fileRef = ECA2825D291229B400DDFFE9 /* VehicleListViewController.swift */; };
		ECA28260291229D400DDFFE9 /* VehicleDetailsViewController.swift in Sources */ = {isa = PBXBuildFile; fileRef = ECA2825F291229D400DDFFE9 /* VehicleDetailsViewController.swift */; };
		ECA2826229122A0700DDFFE9 /* VehicleViewModel.swift in Sources */ = {isa = PBXBuildFile; fileRef = ECA2826129122A0700DDFFE9 /* VehicleViewModel.swift */; };
		ECA2826429122C2C00DDFFE9 /* Vehicle.swift in Sources */ = {isa = PBXBuildFile; fileRef = ECA2826329122C2C00DDFFE9 /* Vehicle.swift */; };
		ECA28267291230DB00DDFFE9 /* NetworkManager.swift in Sources */ = {isa = PBXBuildFile; fileRef = ECA28266291230DB00DDFFE9 /* NetworkManager.swift */; };
		ECA2826B2912312A00DDFFE9 /* VehicleListTableViewCell.swift in Sources */ = {isa = PBXBuildFile; fileRef = ECA2826A2912312A00DDFFE9 /* VehicleListTableViewCell.swift */; };
		ECA2826D2912316200DDFFE9 /* EmissionDetailsCollectionViewCell.swift in Sources */ = {isa = PBXBuildFile; fileRef = ECA2826C2912316200DDFFE9 /* EmissionDetailsCollectionViewCell.swift */; };
		ECA2826F2912317900DDFFE9 /* Constants.swift in Sources */ = {isa = PBXBuildFile; fileRef = ECA2826E2912317900DDFFE9 /* Constants.swift */; };
/* End PBXBuildFile section */

/* Begin PBXContainerItemProxy section */
		ECA2823B2912272100DDFFE9 /* PBXContainerItemProxy */ = {
			isa = PBXContainerItemProxy;
			containerPortal = ECA2821C2912272000DDFFE9 /* Project object */;
			proxyType = 1;
			remoteGlobalIDString = ECA282232912272000DDFFE9;
			remoteInfo = Rides;
		};
		ECA282452912272100DDFFE9 /* PBXContainerItemProxy */ = {
			isa = PBXContainerItemProxy;
			containerPortal = ECA2821C2912272000DDFFE9 /* Project object */;
			proxyType = 1;
			remoteGlobalIDString = ECA282232912272000DDFFE9;
			remoteInfo = Rides;
		};
/* End PBXContainerItemProxy section */

/* Begin PBXFileReference section */
		ECA282242912272000DDFFE9 /* Rides.app */ = {isa = PBXFileReference; explicitFileType = wrapper.application; includeInIndex = 0; path = Rides.app; sourceTree = BUILT_PRODUCTS_DIR; };
		ECA282272912272000DDFFE9 /* AppDelegate.swift */ = {isa = PBXFileReference; lastKnownFileType = sourcecode.swift; path = AppDelegate.swift; sourceTree = "<group>"; };
		ECA282292912272000DDFFE9 /* SceneDelegate.swift */ = {isa = PBXFileReference; lastKnownFileType = sourcecode.swift; path = SceneDelegate.swift; sourceTree = "<group>"; };
		ECA2822E2912272000DDFFE9 /* Base */ = {isa = PBXFileReference; lastKnownFileType = file.storyboard; name = Base; path = Base.lproj/Main.storyboard; sourceTree = "<group>"; };
		ECA282302912272100DDFFE9 /* Assets.xcassets */ = {isa = PBXFileReference; lastKnownFileType = folder.assetcatalog; path = Assets.xcassets; sourceTree = "<group>"; };
		ECA282332912272100DDFFE9 /* Base */ = {isa = PBXFileReference; lastKnownFileType = file.storyboard; name = Base; path = Base.lproj/LaunchScreen.storyboard; sourceTree = "<group>"; };
		ECA282352912272100DDFFE9 /* Info.plist */ = {isa = PBXFileReference; lastKnownFileType = text.plist.xml; path = Info.plist; sourceTree = "<group>"; };
		ECA2823A2912272100DDFFE9 /* RidesTests.xctest */ = {isa = PBXFileReference; explicitFileType = wrapper.cfbundle; includeInIndex = 0; path = RidesTests.xctest; sourceTree = BUILT_PRODUCTS_DIR; };
		ECA2823E2912272100DDFFE9 /* RidesTests.swift */ = {isa = PBXFileReference; lastKnownFileType = sourcecode.swift; path = RidesTests.swift; sourceTree = "<group>"; };
		ECA282442912272100DDFFE9 /* RidesUITests.xctest */ = {isa = PBXFileReference; explicitFileType = wrapper.cfbundle; includeInIndex = 0; path = RidesUITests.xctest; sourceTree = BUILT_PRODUCTS_DIR; };
		ECA282482912272100DDFFE9 /* RidesUITests.swift */ = {isa = PBXFileReference; lastKnownFileType = sourcecode.swift; path = RidesUITests.swift; sourceTree = "<group>"; };
		ECA2824A2912272100DDFFE9 /* RidesUITestsLaunchTests.swift */ = {isa = PBXFileReference; lastKnownFileType = sourcecode.swift; path = RidesUITestsLaunchTests.swift; sourceTree = "<group>"; };
		ECA2825D291229B400DDFFE9 /* VehicleListViewController.swift */ = {isa = PBXFileReference; lastKnownFileType = sourcecode.swift; path = VehicleListViewController.swift; sourceTree = "<group>"; };
		ECA2825F291229D400DDFFE9 /* VehicleDetailsViewController.swift */ = {isa = PBXFileReference; lastKnownFileType = sourcecode.swift; path = VehicleDetailsViewController.swift; sourceTree = "<group>"; };
		ECA2826129122A0700DDFFE9 /* VehicleViewModel.swift */ = {isa = PBXFileReference; lastKnownFileType = sourcecode.swift; path = VehicleViewModel.swift; sourceTree = "<group>"; };
		ECA2826329122C2C00DDFFE9 /* Vehicle.swift */ = {isa = PBXFileReference; lastKnownFileType = sourcecode.swift; path = Vehicle.swift; sourceTree = "<group>"; };
		ECA28266291230DB00DDFFE9 /* NetworkManager.swift */ = {isa = PBXFileReference; lastKnownFileType = sourcecode.swift; path = NetworkManager.swift; sourceTree = "<group>"; };
		ECA2826A2912312A00DDFFE9 /* VehicleListTableViewCell.swift */ = {isa = PBXFileReference; lastKnownFileType = sourcecode.swift; path = VehicleListTableViewCell.swift; sourceTree = "<group>"; };
		ECA2826C2912316200DDFFE9 /* EmissionDetailsCollectionViewCell.swift */ = {isa = PBXFileReference; lastKnownFileType = sourcecode.swift; path = EmissionDetailsCollectionViewCell.swift; sourceTree = "<group>"; };
		ECA2826E2912317900DDFFE9 /* Constants.swift */ = {isa = PBXFileReference; lastKnownFileType = sourcecode.swift; path = Constants.swift; sourceTree = "<group>"; };
/* End PBXFileReference section */

/* Begin PBXFrameworksBuildPhase section */
		ECA282212912272000DDFFE9 /* Frameworks */ = {
			isa = PBXFrameworksBuildPhase;
			buildActionMask = 2147483647;
			files = (
			);
			runOnlyForDeploymentPostprocessing = 0;
		};
		ECA282372912272100DDFFE9 /* Frameworks */ = {
			isa = PBXFrameworksBuildPhase;
			buildActionMask = 2147483647;
			files = (
			);
			runOnlyForDeploymentPostprocessing = 0;
		};
		ECA282412912272100DDFFE9 /* Frameworks */ = {
			isa = PBXFrameworksBuildPhase;
			buildActionMask = 2147483647;
			files = (
			);
			runOnlyForDeploymentPostprocessing = 0;
		};
/* End PBXFrameworksBuildPhase section */

/* Begin PBXGroup section */
		ECA2821B2912272000DDFFE9 = {
			isa = PBXGroup;
			children = (
				ECA282262912272000DDFFE9 /* Rides */,
				ECA2823D2912272100DDFFE9 /* RidesTests */,
				ECA282472912272100DDFFE9 /* RidesUITests */,
				ECA282252912272000DDFFE9 /* Products */,
			);
			sourceTree = "<group>";
		};
		ECA282252912272000DDFFE9 /* Products */ = {
			isa = PBXGroup;
			children = (
				ECA282242912272000DDFFE9 /* Rides.app */,
				ECA2823A2912272100DDFFE9 /* RidesTests.xctest */,
				ECA282442912272100DDFFE9 /* RidesUITests.xctest */,
			);
			name = Products;
			sourceTree = "<group>";
		};
		ECA282262912272000DDFFE9 /* Rides */ = {
			isa = PBXGroup;
			children = (
				ECA28265291230C000DDFFE9 /* Extensions */,
				ECA2825C2912298E00DDFFE9 /* Utils */,
				ECA2825B2912297D00DDFFE9 /* NetworkManager */,
				ECA282572912290A00DDFFE9 /* Vehicle */,
				ECA282272912272000DDFFE9 /* AppDelegate.swift */,
				ECA282292912272000DDFFE9 /* SceneDelegate.swift */,
				ECA2822D2912272000DDFFE9 /* Main.storyboard */,
				ECA282302912272100DDFFE9 /* Assets.xcassets */,
				ECA282322912272100DDFFE9 /* LaunchScreen.storyboard */,
				ECA282352912272100DDFFE9 /* Info.plist */,
			);
			path = Rides;
			sourceTree = "<group>";
		};
		ECA2823D2912272100DDFFE9 /* RidesTests */ = {
			isa = PBXGroup;
			children = (
				ECA2823E2912272100DDFFE9 /* RidesTests.swift */,
			);
			path = RidesTests;
			sourceTree = "<group>";
		};
		ECA282472912272100DDFFE9 /* RidesUITests */ = {
			isa = PBXGroup;
			children = (
				ECA282482912272100DDFFE9 /* RidesUITests.swift */,
				ECA2824A2912272100DDFFE9 /* RidesUITestsLaunchTests.swift */,
			);
			path = RidesUITests;
			sourceTree = "<group>";
		};
		ECA282572912290A00DDFFE9 /* Vehicle */ = {
			isa = PBXGroup;
			children = (
				ECA2825A2912296000DDFFE9 /* Models */,
				ECA282582912293E00DDFFE9 /* ViewControllers */,
				ECA282592912295600DDFFE9 /* ViewModels */,
			);
			path = Vehicle;
			sourceTree = "<group>";
		};
		ECA282582912293E00DDFFE9 /* ViewControllers */ = {
			isa = PBXGroup;
			children = (
				ECA2825D291229B400DDFFE9 /* VehicleListViewController.swift */,
				ECA2825F291229D400DDFFE9 /* VehicleDetailsViewController.swift */,
				ECA282692912310400DDFFE9 /* Cells */,
			);
			path = ViewControllers;
			sourceTree = "<group>";
		};
		ECA282592912295600DDFFE9 /* ViewModels */ = {
			isa = PBXGroup;
			children = (
				ECA2826129122A0700DDFFE9 /* VehicleViewModel.swift */,
			);
			path = ViewModels;
			sourceTree = "<group>";
		};
		ECA2825A2912296000DDFFE9 /* Models */ = {
			isa = PBXGroup;
			children = (
				ECA2826329122C2C00DDFFE9 /* Vehicle.swift */,
			);
			path = Models;
			sourceTree = "<group>";
		};
		ECA2825B2912297D00DDFFE9 /* NetworkManager */ = {
			isa = PBXGroup;
			children = (
				ECA28266291230DB00DDFFE9 /* NetworkManager.swift */,
			);
			path = NetworkManager;
			sourceTree = "<group>";
		};
		ECA2825C2912298E00DDFFE9 /* Utils */ = {
			isa = PBXGroup;
			children = (
				ECA2826E2912317900DDFFE9 /* Constants.swift */,
			);
			path = Utils;
			sourceTree = "<group>";
		};
		ECA28265291230C000DDFFE9 /* Extensions */ = {
			isa = PBXGroup;
			children = (
			);
			path = Extensions;
			sourceTree = "<group>";
		};
		ECA282692912310400DDFFE9 /* Cells */ = {
			isa = PBXGroup;
			children = (
				ECA2826A2912312A00DDFFE9 /* VehicleListTableViewCell.swift */,
				ECA2826C2912316200DDFFE9 /* EmissionDetailsCollectionViewCell.swift */,
			);
			path = Cells;
			sourceTree = "<group>";
		};
/* End PBXGroup section */

/* Begin PBXNativeTarget section */
		ECA282232912272000DDFFE9 /* Rides */ = {
			isa = PBXNativeTarget;
			buildConfigurationList = ECA2824E2912272100DDFFE9 /* Build configuration list for PBXNativeTarget "Rides" */;
			buildPhases = (
				ECA282202912272000DDFFE9 /* Sources */,
				ECA282212912272000DDFFE9 /* Frameworks */,
				ECA282222912272000DDFFE9 /* Resources */,
			);
			buildRules = (
			);
			dependencies = (
			);
			name = Rides;
			productName = Rides;
			productReference = ECA282242912272000DDFFE9 /* Rides.app */;
			productType = "com.apple.product-type.application";
		};
		ECA282392912272100DDFFE9 /* RidesTests */ = {
			isa = PBXNativeTarget;
			buildConfigurationList = ECA282512912272100DDFFE9 /* Build configuration list for PBXNativeTarget "RidesTests" */;
			buildPhases = (
				ECA282362912272100DDFFE9 /* Sources */,
				ECA282372912272100DDFFE9 /* Frameworks */,
				ECA282382912272100DDFFE9 /* Resources */,
			);
			buildRules = (
			);
			dependencies = (
				ECA2823C2912272100DDFFE9 /* PBXTargetDependency */,
			);
			name = RidesTests;
			productName = RidesTests;
			productReference = ECA2823A2912272100DDFFE9 /* RidesTests.xctest */;
			productType = "com.apple.product-type.bundle.unit-test";
		};
		ECA282432912272100DDFFE9 /* RidesUITests */ = {
			isa = PBXNativeTarget;
			buildConfigurationList = ECA282542912272100DDFFE9 /* Build configuration list for PBXNativeTarget "RidesUITests" */;
			buildPhases = (
				ECA282402912272100DDFFE9 /* Sources */,
				ECA282412912272100DDFFE9 /* Frameworks */,
				ECA282422912272100DDFFE9 /* Resources */,
			);
			buildRules = (
			);
			dependencies = (
				ECA282462912272100DDFFE9 /* PBXTargetDependency */,
			);
			name = RidesUITests;
			productName = RidesUITests;
			productReference = ECA282442912272100DDFFE9 /* RidesUITests.xctest */;
			productType = "com.apple.product-type.bundle.ui-testing";
		};
/* End PBXNativeTarget section */

/* Begin PBXProject section */
		ECA2821C2912272000DDFFE9 /* Project object */ = {
			isa = PBXProject;
			attributes = {
				BuildIndependentTargetsInParallel = 1;
				LastSwiftUpdateCheck = 1340;
				LastUpgradeCheck = 1340;
				TargetAttributes = {
					ECA282232912272000DDFFE9 = {
						CreatedOnToolsVersion = 13.4.1;
					};
					ECA282392912272100DDFFE9 = {
						CreatedOnToolsVersion = 13.4.1;
						TestTargetID = ECA282232912272000DDFFE9;
					};
					ECA282432912272100DDFFE9 = {
						CreatedOnToolsVersion = 13.4.1;
						TestTargetID = ECA282232912272000DDFFE9;
					};
				};
			};
			buildConfigurationList = ECA2821F2912272000DDFFE9 /* Build configuration list for PBXProject "Rides" */;
			compatibilityVersion = "Xcode 13.0";
			developmentRegion = en;
			hasScannedForEncodings = 0;
			knownRegions = (
				en,
				Base,
			);
			mainGroup = ECA2821B2912272000DDFFE9;
			productRefGroup = ECA282252912272000DDFFE9 /* Products */;
			projectDirPath = "";
			projectRoot = "";
			targets = (
				ECA282232912272000DDFFE9 /* Rides */,
				ECA282392912272100DDFFE9 /* RidesTests */,
				ECA282432912272100DDFFE9 /* RidesUITests */,
			);
		};
/* End PBXProject section */

/* Begin PBXResourcesBuildPhase section */
		ECA282222912272000DDFFE9 /* Resources */ = {
			isa = PBXResourcesBuildPhase;
			buildActionMask = 2147483647;
			files = (
				ECA282342912272100DDFFE9 /* LaunchScreen.storyboard in Resources */,
				ECA282312912272100DDFFE9 /* Assets.xcassets in Resources */,
				ECA2822F2912272000DDFFE9 /* Main.storyboard in Resources */,
			);
			runOnlyForDeploymentPostprocessing = 0;
		};
		ECA282382912272100DDFFE9 /* Resources */ = {
			isa = PBXResourcesBuildPhase;
			buildActionMask = 2147483647;
			files = (
			);
			runOnlyForDeploymentPostprocessing = 0;
		};
		ECA282422912272100DDFFE9 /* Resources */ = {
			isa = PBXResourcesBuildPhase;
			buildActionMask = 2147483647;
			files = (
			);
			runOnlyForDeploymentPostprocessing = 0;
		};
/* End PBXResourcesBuildPhase section */

/* Begin PBXSourcesBuildPhase section */
		ECA282202912272000DDFFE9 /* Sources */ = {
			isa = PBXSourcesBuildPhase;
			buildActionMask = 2147483647;
			files = (
				ECA2826B2912312A00DDFFE9 /* VehicleListTableViewCell.swift in Sources */,
				ECA2826429122C2C00DDFFE9 /* Vehicle.swift in Sources */,
				ECA2826229122A0700DDFFE9 /* VehicleViewModel.swift in Sources */,
				ECA2825E291229B400DDFFE9 /* VehicleListViewController.swift in Sources */,
				ECA2826D2912316200DDFFE9 /* EmissionDetailsCollectionViewCell.swift in Sources */,
				ECA2826F2912317900DDFFE9 /* Constants.swift in Sources */,
				ECA28267291230DB00DDFFE9 /* NetworkManager.swift in Sources */,
				ECA282282912272000DDFFE9 /* AppDelegate.swift in Sources */,
				ECA28260291229D400DDFFE9 /* VehicleDetailsViewController.swift in Sources */,
				ECA2822A2912272000DDFFE9 /* SceneDelegate.swift in Sources */,
			);
			runOnlyForDeploymentPostprocessing = 0;
		};
		ECA282362912272100DDFFE9 /* Sources */ = {
			isa = PBXSourcesBuildPhase;
			buildActionMask = 2147483647;
			files = (
				ECA2823F2912272100DDFFE9 /* RidesTests.swift in Sources */,
			);
			runOnlyForDeploymentPostprocessing = 0;
		};
		ECA282402912272100DDFFE9 /* Sources */ = {
			isa = PBXSourcesBuildPhase;
			buildActionMask = 2147483647;
			files = (
				ECA2824B2912272100DDFFE9 /* RidesUITestsLaunchTests.swift in Sources */,
				ECA282492912272100DDFFE9 /* RidesUITests.swift in Sources */,
			);
			runOnlyForDeploymentPostprocessing = 0;
		};
/* End PBXSourcesBuildPhase section */

/* Begin PBXTargetDependency section */
		ECA2823C2912272100DDFFE9 /* PBXTargetDependency */ = {
			isa = PBXTargetDependency;
			target = ECA282232912272000DDFFE9 /* Rides */;
			targetProxy = ECA2823B2912272100DDFFE9 /* PBXContainerItemProxy */;
		};
		ECA282462912272100DDFFE9 /* PBXTargetDependency */ = {
			isa = PBXTargetDependency;
			target = ECA282232912272000DDFFE9 /* Rides */;
			targetProxy = ECA282452912272100DDFFE9 /* PBXContainerItemProxy */;
		};
/* End PBXTargetDependency section */

/* Begin PBXVariantGroup section */
		ECA2822D2912272000DDFFE9 /* Main.storyboard */ = {
			isa = PBXVariantGroup;
			children = (
				ECA2822E2912272000DDFFE9 /* Base */,
			);
			name = Main.storyboard;
			sourceTree = "<group>";
		};
		ECA282322912272100DDFFE9 /* LaunchScreen.storyboard */ = {
			isa = PBXVariantGroup;
			children = (
				ECA282332912272100DDFFE9 /* Base */,
			);
			name = LaunchScreen.storyboard;
			sourceTree = "<group>";
		};
/* End PBXVariantGroup section */

/* Begin XCBuildConfiguration section */
		ECA2824C2912272100DDFFE9 /* Debug */ = {
			isa = XCBuildConfiguration;
			buildSettings = {
				ALWAYS_SEARCH_USER_PATHS = NO;
				CLANG_ANALYZER_NONNULL = YES;
				CLANG_ANALYZER_NUMBER_OBJECT_CONVERSION = YES_AGGRESSIVE;
				CLANG_CXX_LANGUAGE_STANDARD = "gnu++17";
				CLANG_ENABLE_MODULES = YES;
				CLANG_ENABLE_OBJC_ARC = YES;
				CLANG_ENABLE_OBJC_WEAK = YES;
				CLANG_WARN_BLOCK_CAPTURE_AUTORELEASING = YES;
				CLANG_WARN_BOOL_CONVERSION = YES;
				CLANG_WARN_COMMA = YES;
				CLANG_WARN_CONSTANT_CONVERSION = YES;
				CLANG_WARN_DEPRECATED_OBJC_IMPLEMENTATIONS = YES;
				CLANG_WARN_DIRECT_OBJC_ISA_USAGE = YES_ERROR;
				CLANG_WARN_DOCUMENTATION_COMMENTS = YES;
				CLANG_WARN_EMPTY_BODY = YES;
				CLANG_WARN_ENUM_CONVERSION = YES;
				CLANG_WARN_INFINITE_RECURSION = YES;
				CLANG_WARN_INT_CONVERSION = YES;
				CLANG_WARN_NON_LITERAL_NULL_CONVERSION = YES;
				CLANG_WARN_OBJC_IMPLICIT_RETAIN_SELF = YES;
				CLANG_WARN_OBJC_LITERAL_CONVERSION = YES;
				CLANG_WARN_OBJC_ROOT_CLASS = YES_ERROR;
				CLANG_WARN_QUOTED_INCLUDE_IN_FRAMEWORK_HEADER = YES;
				CLANG_WARN_RANGE_LOOP_ANALYSIS = YES;
				CLANG_WARN_STRICT_PROTOTYPES = YES;
				CLANG_WARN_SUSPICIOUS_MOVE = YES;
				CLANG_WARN_UNGUARDED_AVAILABILITY = YES_AGGRESSIVE;
				CLANG_WARN_UNREACHABLE_CODE = YES;
				CLANG_WARN__DUPLICATE_METHOD_MATCH = YES;
				COPY_PHASE_STRIP = NO;
				DEBUG_INFORMATION_FORMAT = dwarf;
				ENABLE_STRICT_OBJC_MSGSEND = YES;
				ENABLE_TESTABILITY = YES;
				GCC_C_LANGUAGE_STANDARD = gnu11;
				GCC_DYNAMIC_NO_PIC = NO;
				GCC_NO_COMMON_BLOCKS = YES;
				GCC_OPTIMIZATION_LEVEL = 0;
				GCC_PREPROCESSOR_DEFINITIONS = (
					"DEBUG=1",
					"$(inherited)",
				);
				GCC_WARN_64_TO_32_BIT_CONVERSION = YES;
				GCC_WARN_ABOUT_RETURN_TYPE = YES_ERROR;
				GCC_WARN_UNDECLARED_SELECTOR = YES;
				GCC_WARN_UNINITIALIZED_AUTOS = YES_AGGRESSIVE;
				GCC_WARN_UNUSED_FUNCTION = YES;
				GCC_WARN_UNUSED_VARIABLE = YES;
				IPHONEOS_DEPLOYMENT_TARGET = 15.5;
				MTL_ENABLE_DEBUG_INFO = INCLUDE_SOURCE;
				MTL_FAST_MATH = YES;
				ONLY_ACTIVE_ARCH = YES;
				SDKROOT = iphoneos;
				SWIFT_ACTIVE_COMPILATION_CONDITIONS = DEBUG;
				SWIFT_OPTIMIZATION_LEVEL = "-Onone";
			};
			name = Debug;
		};
		ECA2824D2912272100DDFFE9 /* Release */ = {
			isa = XCBuildConfiguration;
			buildSettings = {
				ALWAYS_SEARCH_USER_PATHS = NO;
				CLANG_ANALYZER_NONNULL = YES;
				CLANG_ANALYZER_NUMBER_OBJECT_CONVERSION = YES_AGGRESSIVE;
				CLANG_CXX_LANGUAGE_STANDARD = "gnu++17";
				CLANG_ENABLE_MODULES = YES;
				CLANG_ENABLE_OBJC_ARC = YES;
				CLANG_ENABLE_OBJC_WEAK = YES;
				CLANG_WARN_BLOCK_CAPTURE_AUTORELEASING = YES;
				CLANG_WARN_BOOL_CONVERSION = YES;
				CLANG_WARN_COMMA = YES;
				CLANG_WARN_CONSTANT_CONVERSION = YES;
				CLANG_WARN_DEPRECATED_OBJC_IMPLEMENTATIONS = YES;
				CLANG_WARN_DIRECT_OBJC_ISA_USAGE = YES_ERROR;
				CLANG_WARN_DOCUMENTATION_COMMENTS = YES;
				CLANG_WARN_EMPTY_BODY = YES;
				CLANG_WARN_ENUM_CONVERSION = YES;
				CLANG_WARN_INFINITE_RECURSION = YES;
				CLANG_WARN_INT_CONVERSION = YES;
				CLANG_WARN_NON_LITERAL_NULL_CONVERSION = YES;
				CLANG_WARN_OBJC_IMPLICIT_RETAIN_SELF = YES;
				CLANG_WARN_OBJC_LITERAL_CONVERSION = YES;
				CLANG_WARN_OBJC_ROOT_CLASS = YES_ERROR;
				CLANG_WARN_QUOTED_INCLUDE_IN_FRAMEWORK_HEADER = YES;
				CLANG_WARN_RANGE_LOOP_ANALYSIS = YES;
				CLANG_WARN_STRICT_PROTOTYPES = YES;
				CLANG_WARN_SUSPICIOUS_MOVE = YES;
				CLANG_WARN_UNGUARDED_AVAILABILITY = YES_AGGRESSIVE;
				CLANG_WARN_UNREACHABLE_CODE = YES;
				CLANG_WARN__DUPLICATE_METHOD_MATCH = YES;
				COPY_PHASE_STRIP = NO;
				DEBUG_INFORMATION_FORMAT = "dwarf-with-dsym";
				ENABLE_NS_ASSERTIONS = NO;
				ENABLE_STRICT_OBJC_MSGSEND = YES;
				GCC_C_LANGUAGE_STANDARD = gnu11;
				GCC_NO_COMMON_BLOCKS = YES;
				GCC_WARN_64_TO_32_BIT_CONVERSION = YES;
				GCC_WARN_ABOUT_RETURN_TYPE = YES_ERROR;
				GCC_WARN_UNDECLARED_SELECTOR = YES;
				GCC_WARN_UNINITIALIZED_AUTOS = YES_AGGRESSIVE;
				GCC_WARN_UNUSED_FUNCTION = YES;
				GCC_WARN_UNUSED_VARIABLE = YES;
				IPHONEOS_DEPLOYMENT_TARGET = 15.5;
				MTL_ENABLE_DEBUG_INFO = NO;
				MTL_FAST_MATH = YES;
				SDKROOT = iphoneos;
				SWIFT_COMPILATION_MODE = wholemodule;
				SWIFT_OPTIMIZATION_LEVEL = "-O";
				VALIDATE_PRODUCT = YES;
			};
			name = Release;
		};
		ECA2824F2912272100DDFFE9 /* Debug */ = {
			isa = XCBuildConfiguration;
			buildSettings = {
				ASSETCATALOG_COMPILER_APPICON_NAME = AppIcon;
				ASSETCATALOG_COMPILER_GLOBAL_ACCENT_COLOR_NAME = AccentColor;
				CODE_SIGN_STYLE = Automatic;
				CURRENT_PROJECT_VERSION = 1;
				GENERATE_INFOPLIST_FILE = YES;
				INFOPLIST_FILE = Rides/Info.plist;
				INFOPLIST_KEY_UIApplicationSupportsIndirectInputEvents = YES;
				INFOPLIST_KEY_UILaunchStoryboardName = LaunchScreen;
				INFOPLIST_KEY_UIMainStoryboardFile = Main;
				INFOPLIST_KEY_UISupportedInterfaceOrientations_iPad = "UIInterfaceOrientationPortrait UIInterfaceOrientationPortraitUpsideDown UIInterfaceOrientationLandscapeLeft UIInterfaceOrientationLandscapeRight";
				INFOPLIST_KEY_UISupportedInterfaceOrientations_iPhone = "UIInterfaceOrientationPortrait UIInterfaceOrientationLandscapeLeft UIInterfaceOrientationLandscapeRight";
				IPHONEOS_DEPLOYMENT_TARGET = 15.0;
				LD_RUNPATH_SEARCH_PATHS = (
					"$(inherited)",
					"@executable_path/Frameworks",
				);
				MARKETING_VERSION = 1.0;
				PRODUCT_BUNDLE_IDENTIFIER = com.mithun.rides.Rides;
				PRODUCT_NAME = "$(TARGET_NAME)";
				SWIFT_EMIT_LOC_STRINGS = YES;
				SWIFT_VERSION = 5.0;
				TARGETED_DEVICE_FAMILY = "1,2";
			};
			name = Debug;
		};
		ECA282502912272100DDFFE9 /* Release */ = {
			isa = XCBuildConfiguration;
			buildSettings = {
				ASSETCATALOG_COMPILER_APPICON_NAME = AppIcon;
				ASSETCATALOG_COMPILER_GLOBAL_ACCENT_COLOR_NAME = AccentColor;
				CODE_SIGN_STYLE = Automatic;
				CURRENT_PROJECT_VERSION = 1;
				GENERATE_INFOPLIST_FILE = YES;
				INFOPLIST_FILE = Rides/Info.plist;
				INFOPLIST_KEY_UIApplicationSupportsIndirectInputEvents = YES;
				INFOPLIST_KEY_UILaunchStoryboardName = LaunchScreen;
				INFOPLIST_KEY_UIMainStoryboardFile = Main;
				INFOPLIST_KEY_UISupportedInterfaceOrientations_iPad = "UIInterfaceOrientationPortrait UIInterfaceOrientationPortraitUpsideDown UIInterfaceOrientationLandscapeLeft UIInterfaceOrientationLandscapeRight";
				INFOPLIST_KEY_UISupportedInterfaceOrientations_iPhone = "UIInterfaceOrientationPortrait UIInterfaceOrientationLandscapeLeft UIInterfaceOrientationLandscapeRight";
				IPHONEOS_DEPLOYMENT_TARGET = 15.0;
				LD_RUNPATH_SEARCH_PATHS = (
					"$(inherited)",
					"@executable_path/Frameworks",
				);
				MARKETING_VERSION = 1.0;
				PRODUCT_BUNDLE_IDENTIFIER = com.mithun.rides.Rides;
				PRODUCT_NAME = "$(TARGET_NAME)";
				SWIFT_EMIT_LOC_STRINGS = YES;
				SWIFT_VERSION = 5.0;
				TARGETED_DEVICE_FAMILY = "1,2";
			};
			name = Release;
		};
		ECA282522912272100DDFFE9 /* Debug */ = {
			isa = XCBuildConfiguration;
			buildSettings = {
				ALWAYS_EMBED_SWIFT_STANDARD_LIBRARIES = YES;
				BUNDLE_LOADER = "$(TEST_HOST)";
				CODE_SIGN_STYLE = Automatic;
				CURRENT_PROJECT_VERSION = 1;
				GENERATE_INFOPLIST_FILE = YES;
				IPHONEOS_DEPLOYMENT_TARGET = 15.5;
				MARKETING_VERSION = 1.0;
				PRODUCT_BUNDLE_IDENTIFIER = com.mithun.rides.RidesTests;
				PRODUCT_NAME = "$(TARGET_NAME)";
				SWIFT_EMIT_LOC_STRINGS = NO;
				SWIFT_VERSION = 5.0;
				TARGETED_DEVICE_FAMILY = "1,2";
				TEST_HOST = "$(BUILT_PRODUCTS_DIR)/Rides.app/Rides";
			};
			name = Debug;
		};
		ECA282532912272100DDFFE9 /* Release */ = {
			isa = XCBuildConfiguration;
			buildSettings = {
				ALWAYS_EMBED_SWIFT_STANDARD_LIBRARIES = YES;
				BUNDLE_LOADER = "$(TEST_HOST)";
				CODE_SIGN_STYLE = Automatic;
				CURRENT_PROJECT_VERSION = 1;
				GENERATE_INFOPLIST_FILE = YES;
				IPHONEOS_DEPLOYMENT_TARGET = 15.5;
				MARKETING_VERSION = 1.0;
				PRODUCT_BUNDLE_IDENTIFIER = com.mithun.rides.RidesTests;
				PRODUCT_NAME = "$(TARGET_NAME)";
				SWIFT_EMIT_LOC_STRINGS = NO;
				SWIFT_VERSION = 5.0;
				TARGETED_DEVICE_FAMILY = "1,2";
				TEST_HOST = "$(BUILT_PRODUCTS_DIR)/Rides.app/Rides";
			};
			name = Release;
		};
		ECA282552912272100DDFFE9 /* Debug */ = {
			isa = XCBuildConfiguration;
			buildSettings = {
				ALWAYS_EMBED_SWIFT_STANDARD_LIBRARIES = YES;
				CODE_SIGN_STYLE = Automatic;
				CURRENT_PROJECT_VERSION = 1;
				GENERATE_INFOPLIST_FILE = YES;
				MARKETING_VERSION = 1.0;
				PRODUCT_BUNDLE_IDENTIFIER = com.mithun.rides.RidesUITests;
				PRODUCT_NAME = "$(TARGET_NAME)";
				SWIFT_EMIT_LOC_STRINGS = NO;
				SWIFT_VERSION = 5.0;
				TARGETED_DEVICE_FAMILY = "1,2";
				TEST_TARGET_NAME = Rides;
			};
			name = Debug;
		};
		ECA282562912272100DDFFE9 /* Release */ = {
			isa = XCBuildConfiguration;
			buildSettings = {
				ALWAYS_EMBED_SWIFT_STANDARD_LIBRARIES = YES;
				CODE_SIGN_STYLE = Automatic;
				CURRENT_PROJECT_VERSION = 1;
				GENERATE_INFOPLIST_FILE = YES;
				MARKETING_VERSION = 1.0;
				PRODUCT_BUNDLE_IDENTIFIER = com.mithun.rides.RidesUITests;
				PRODUCT_NAME = "$(TARGET_NAME)";
				SWIFT_EMIT_LOC_STRINGS = NO;
				SWIFT_VERSION = 5.0;
				TARGETED_DEVICE_FAMILY = "1,2";
				TEST_TARGET_NAME = Rides;
			};
			name = Release;
		};
/* End XCBuildConfiguration section */

/* Begin XCConfigurationList section */
		ECA2821F2912272000DDFFE9 /* Build configuration list for PBXProject "Rides" */ = {
			isa = XCConfigurationList;
			buildConfigurations = (
				ECA2824C2912272100DDFFE9 /* Debug */,
				ECA2824D2912272100DDFFE9 /* Release */,
			);
			defaultConfigurationIsVisible = 0;
			defaultConfigurationName = Release;
		};
		ECA2824E2912272100DDFFE9 /* Build configuration list for PBXNativeTarget "Rides" */ = {
			isa = XCConfigurationList;
			buildConfigurations = (
				ECA2824F2912272100DDFFE9 /* Debug */,
				ECA282502912272100DDFFE9 /* Release */,
			);
			defaultConfigurationIsVisible = 0;
			defaultConfigurationName = Release;
		};
		ECA282512912272100DDFFE9 /* Build configuration list for PBXNativeTarget "RidesTests" */ = {
			isa = XCConfigurationList;
			buildConfigurations = (
				ECA282522912272100DDFFE9 /* Debug */,
				ECA282532912272100DDFFE9 /* Release */,
			);
			defaultConfigurationIsVisible = 0;
			defaultConfigurationName = Release;
		};
		ECA282542912272100DDFFE9 /* Build configuration list for PBXNativeTarget "RidesUITests" */ = {
			isa = XCConfigurationList;
			buildConfigurations = (
				ECA282552912272100DDFFE9 /* Debug */,
				ECA282562912272100DDFFE9 /* Release */,
			);
			defaultConfigurationIsVisible = 0;
			defaultConfigurationName = Release;
		};
/* End XCConfigurationList section */
	};
	rootObject = ECA2821C2912272000DDFFE9 /* Project object */;
}
